
Microsoft Visual Studio Solution File, Format Version 12.00
# Visual Studio 15
VisualStudioVersion = 15.0.28307.168
MinimumVisualStudioVersion = 10.0.40219.1
Project("{FAE04EC0-301F-11D3-BF4B-00C04F79EFBC}") = "Task 2.2 Forms", "Task 2.2 Forms\Task 2.2 Forms.csproj", "{C004A141-EBAF-4BFE-A676-0593A2362FB0}"
EndProject
Global
	GlobalSection(SolutionConfigurationPlatforms) = preSolution
		Debug|Any CPU = Debug|Any CPU
		Release|Any CPU = Release|Any CPU
	EndGlobalSection
	GlobalSection(ProjectConfigurationPlatforms) = postSolution
		{C004A141-EBAF-4BFE-A676-0593A2362FB0}.Debug|Any CPU.ActiveCfg = Debug|Any CPU
		{C004A141-EBAF-4BFE-A676-0593A2362FB0}.Debug|Any CPU.Build.0 = Debug|Any CPU
		{C004A141-EBAF-4BFE-A676-0593A2362FB0}.Release|Any CPU.ActiveCfg = Release|Any CPU
		{C004A141-EBAF-4BFE-A676-0593A2362FB0}.Release|Any CPU.Build.0 = Release|Any CPU
	EndGlobalSection
	GlobalSection(SolutionProperties) = preSolution
		HideSolutionNode = FALSE
	EndGlobalSection
	GlobalSection(ExtensibilityGlobals) = postSolution
		SolutionGuid = {8659112B-A465-4FC0-BA28-4F6B1F3149C4}
	EndGlobalSection
EndGlobal
